// !$*UTF8*$!
{
	archiveVersion = 1;
	classes = {
	};
	objectVersion = 46;
	objects = {

/* Begin PBXBuildFile section */
		1D582FB618F941C2001AE790 /* Foundation.framework in Frameworks */ = {isa = PBXBuildFile; fileRef = 1D582FB518F941C2001AE790 /* Foundation.framework */; };
		1D582FB818F941C2001AE790 /* CoreGraphics.framework in Frameworks */ = {isa = PBXBuildFile; fileRef = 1D582FB718F941C2001AE790 /* CoreGraphics.framework */; };
		1D582FBA18F941C2001AE790 /* UIKit.framework in Frameworks */ = {isa = PBXBuildFile; fileRef = 1D582FB918F941C2001AE790 /* UIKit.framework */; };
		1D582FC018F941C2001AE790 /* InfoPlist.strings in Resources */ = {isa = PBXBuildFile; fileRef = 1D582FBE18F941C2001AE790 /* InfoPlist.strings */; };
		1D582FC218F941C2001AE790 /* main.m in Sources */ = {isa = PBXBuildFile; fileRef = 1D582FC118F941C2001AE790 /* main.m */; };
		1D582FC618F941C2001AE790 /* AppDelegate.m in Sources */ = {isa = PBXBuildFile; fileRef = 1D582FC518F941C2001AE790 /* AppDelegate.m */; };
		1D582FC918F941C2001AE790 /* Main.storyboard in Resources */ = {isa = PBXBuildFile; fileRef = 1D582FC718F941C2001AE790 /* Main.storyboard */; };
		1D582FCC18F941C2001AE790 /* FirstViewController.m in Sources */ = {isa = PBXBuildFile; fileRef = 1D582FCB18F941C2001AE790 /* FirstViewController.m */; };
		1D582FCF18F941C2001AE790 /* SecondViewController.m in Sources */ = {isa = PBXBuildFile; fileRef = 1D582FCE18F941C2001AE790 /* SecondViewController.m */; };
		1D582FD118F941C2001AE790 /* Images.xcassets in Resources */ = {isa = PBXBuildFile; fileRef = 1D582FD018F941C2001AE790 /* Images.xcassets */; };
		1D582FD818F941C2001AE790 /* XCTest.framework in Frameworks */ = {isa = PBXBuildFile; fileRef = 1D582FD718F941C2001AE790 /* XCTest.framework */; };
		1D582FD918F941C2001AE790 /* Foundation.framework in Frameworks */ = {isa = PBXBuildFile; fileRef = 1D582FB518F941C2001AE790 /* Foundation.framework */; };
		1D582FDA18F941C2001AE790 /* UIKit.framework in Frameworks */ = {isa = PBXBuildFile; fileRef = 1D582FB918F941C2001AE790 /* UIKit.framework */; };
		1D582FE218F941C2001AE790 /* InfoPlist.strings in Resources */ = {isa = PBXBuildFile; fileRef = 1D582FE018F941C2001AE790 /* InfoPlist.strings */; };
		1D582FE418F941C2001AE790 /* blicket_mobileTests.m in Sources */ = {isa = PBXBuildFile; fileRef = 1D582FE318F941C2001AE790 /* blicket_mobileTests.m */; };
/* End PBXBuildFile section */

/* Begin PBXContainerItemProxy section */
		1D582FDB18F941C2001AE790 /* PBXContainerItemProxy */ = {
			isa = PBXContainerItemProxy;
			containerPortal = 1D582FAA18F941C2001AE790 /* Project object */;
			proxyType = 1;
			remoteGlobalIDString = 1D582FB118F941C2001AE790;
			remoteInfo = "blicket-mobile";
		};
/* End PBXContainerItemProxy section */

/* Begin PBXFileReference section */
		1D582FB218F941C2001AE790 /* blicket-mobile.app */ = {isa = PBXFileReference; explicitFileType = wrapper.application; includeInIndex = 0; path = "blicket-mobile.app"; sourceTree = BUILT_PRODUCTS_DIR; };
		1D582FB518F941C2001AE790 /* Foundation.framework */ = {isa = PBXFileReference; lastKnownFileType = wrapper.framework; name = Foundation.framework; path = System/Library/Frameworks/Foundation.framework; sourceTree = SDKROOT; };
		1D582FB718F941C2001AE790 /* CoreGraphics.framework */ = {isa = PBXFileReference; lastKnownFileType = wrapper.framework; name = CoreGraphics.framework; path = System/Library/Frameworks/CoreGraphics.framework; sourceTree = SDKROOT; };
		1D582FB918F941C2001AE790 /* UIKit.framework */ = {isa = PBXFileReference; lastKnownFileType = wrapper.framework; name = UIKit.framework; path = System/Library/Frameworks/UIKit.framework; sourceTree = SDKROOT; };
		1D582FBD18F941C2001AE790 /* blicket-mobile-Info.plist */ = {isa = PBXFileReference; lastKnownFileType = text.plist.xml; path = "blicket-mobile-Info.plist"; sourceTree = "<group>"; };
		1D582FBF18F941C2001AE790 /* en */ = {isa = PBXFileReference; lastKnownFileType = text.plist.strings; name = en; path = en.lproj/InfoPlist.strings; sourceTree = "<group>"; };
		1D582FC118F941C2001AE790 /* main.m */ = {isa = PBXFileReference; lastKnownFileType = sourcecode.c.objc; path = main.m; sourceTree = "<group>"; };
		1D582FC318F941C2001AE790 /* blicket-mobile-Prefix.pch */ = {isa = PBXFileReference; lastKnownFileType = sourcecode.c.h; path = "blicket-mobile-Prefix.pch"; sourceTree = "<group>"; };
		1D582FC418F941C2001AE790 /* AppDelegate.h */ = {isa = PBXFileReference; lastKnownFileType = sourcecode.c.h; path = AppDelegate.h; sourceTree = "<group>"; };
		1D582FC518F941C2001AE790 /* AppDelegate.m */ = {isa = PBXFileReference; lastKnownFileType = sourcecode.c.objc; path = AppDelegate.m; sourceTree = "<group>"; };
		1D582FC818F941C2001AE790 /* Base */ = {isa = PBXFileReference; lastKnownFileType = file.storyboard; name = Base; path = Base.lproj/Main.storyboard; sourceTree = "<group>"; };
		1D582FCA18F941C2001AE790 /* FirstViewController.h */ = {isa = PBXFileReference; lastKnownFileType = sourcecode.c.h; path = FirstViewController.h; sourceTree = "<group>"; };
		1D582FCB18F941C2001AE790 /* FirstViewController.m */ = {isa = PBXFileReference; lastKnownFileType = sourcecode.c.objc; path = FirstViewController.m; sourceTree = "<group>"; };
		1D582FCD18F941C2001AE790 /* SecondViewController.h */ = {isa = PBXFileReference; lastKnownFileType = sourcecode.c.h; path = SecondViewController.h; sourceTree = "<group>"; };
		1D582FCE18F941C2001AE790 /* SecondViewController.m */ = {isa = PBXFileReference; lastKnownFileType = sourcecode.c.objc; path = SecondViewController.m; sourceTree = "<group>"; };
		1D582FD018F941C2001AE790 /* Images.xcassets */ = {isa = PBXFileReference; lastKnownFileType = folder.assetcatalog; path = Images.xcassets; sourceTree = "<group>"; };
		1D582FD618F941C2001AE790 /* blicket-mobileTests.xctest */ = {isa = PBXFileReference; explicitFileType = wrapper.cfbundle; includeInIndex = 0; path = "blicket-mobileTests.xctest"; sourceTree = BUILT_PRODUCTS_DIR; };
		1D582FD718F941C2001AE790 /* XCTest.framework */ = {isa = PBXFileReference; lastKnownFileType = wrapper.framework; name = XCTest.framework; path = Library/Frameworks/XCTest.framework; sourceTree = DEVELOPER_DIR; };
		1D582FDF18F941C2001AE790 /* blicket-mobileTests-Info.plist */ = {isa = PBXFileReference; lastKnownFileType = text.plist.xml; path = "blicket-mobileTests-Info.plist"; sourceTree = "<group>"; };
		1D582FE118F941C2001AE790 /* en */ = {isa = PBXFileReference; lastKnownFileType = text.plist.strings; name = en; path = en.lproj/InfoPlist.strings; sourceTree = "<group>"; };
		1D582FE318F941C2001AE790 /* blicket_mobileTests.m */ = {isa = PBXFileReference; lastKnownFileType = sourcecode.c.objc; path = blicket_mobileTests.m; sourceTree = "<group>"; };
/* End PBXFileReference section */

/* Begin PBXFrameworksBuildPhase section */
		1D582FAF18F941C2001AE790 /* Frameworks */ = {
			isa = PBXFrameworksBuildPhase;
			buildActionMask = 2147483647;
			files = (
				1D582FB818F941C2001AE790 /* CoreGraphics.framework in Frameworks */,
				1D582FBA18F941C2001AE790 /* UIKit.framework in Frameworks */,
				1D582FB618F941C2001AE790 /* Foundation.framework in Frameworks */,
			);
			runOnlyForDeploymentPostprocessing = 0;
		};
		1D582FD318F941C2001AE790 /* Frameworks */ = {
			isa = PBXFrameworksBuildPhase;
			buildActionMask = 2147483647;
			files = (
				1D582FD818F941C2001AE790 /* XCTest.framework in Frameworks */,
				1D582FDA18F941C2001AE790 /* UIKit.framework in Frameworks */,
				1D582FD918F941C2001AE790 /* Foundation.framework in Frameworks */,
			);
			runOnlyForDeploymentPostprocessing = 0;
		};
/* End PBXFrameworksBuildPhase section */

/* Begin PBXGroup section */
		1D582FA918F941C2001AE790 = {
			isa = PBXGroup;
			children = (
				1D582FBB18F941C2001AE790 /* blicket-mobile */,
				1D582FDD18F941C2001AE790 /* blicket-mobileTests */,
				1D582FB418F941C2001AE790 /* Frameworks */,
				1D582FB318F941C2001AE790 /* Products */,
			);
			sourceTree = "<group>";
		};
		1D582FB318F941C2001AE790 /* Products */ = {
			isa = PBXGroup;
			children = (
				1D582FB218F941C2001AE790 /* blicket-mobile.app */,
				1D582FD618F941C2001AE790 /* blicket-mobileTests.xctest */,
			);
			name = Products;
			sourceTree = "<group>";
		};
		1D582FB418F941C2001AE790 /* Frameworks */ = {
			isa = PBXGroup;
			children = (
				1D582FB518F941C2001AE790 /* Foundation.framework */,
				1D582FB718F941C2001AE790 /* CoreGraphics.framework */,
				1D582FB918F941C2001AE790 /* UIKit.framework */,
				1D582FD718F941C2001AE790 /* XCTest.framework */,
			);
			name = Frameworks;
			sourceTree = "<group>";
		};
		1D582FBB18F941C2001AE790 /* blicket-mobile */ = {
			isa = PBXGroup;
			children = (
				1D582FC418F941C2001AE790 /* AppDelegate.h */,
				1D582FC518F941C2001AE790 /* AppDelegate.m */,
				1D582FC718F941C2001AE790 /* Main.storyboard */,
				1D582FCA18F941C2001AE790 /* FirstViewController.h */,
				1D582FCB18F941C2001AE790 /* FirstViewController.m */,
				1D582FCD18F941C2001AE790 /* SecondViewController.h */,
				1D582FCE18F941C2001AE790 /* SecondViewController.m */,
				1D582FD018F941C2001AE790 /* Images.xcassets */,
				1D582FBC18F941C2001AE790 /* Supporting Files */,
			);
			path = "blicket-mobile";
			sourceTree = "<group>";
		};
		1D582FBC18F941C2001AE790 /* Supporting Files */ = {
			isa = PBXGroup;
			children = (
				1D582FBD18F941C2001AE790 /* blicket-mobile-Info.plist */,
				1D582FBE18F941C2001AE790 /* InfoPlist.strings */,
				1D582FC118F941C2001AE790 /* main.m */,
				1D582FC318F941C2001AE790 /* blicket-mobile-Prefix.pch */,
			);
			name = "Supporting Files";
			sourceTree = "<group>";
		};
		1D582FDD18F941C2001AE790 /* blicket-mobileTests */ = {
			isa = PBXGroup;
			children = (
				1D582FE318F941C2001AE790 /* blicket_mobileTests.m */,
				1D582FDE18F941C2001AE790 /* Supporting Files */,
			);
			path = "blicket-mobileTests";
			sourceTree = "<group>";
		};
		1D582FDE18F941C2001AE790 /* Supporting Files */ = {
			isa = PBXGroup;
			children = (
				1D582FDF18F941C2001AE790 /* blicket-mobileTests-Info.plist */,
				1D582FE018F941C2001AE790 /* InfoPlist.strings */,
			);
			name = "Supporting Files";
			sourceTree = "<group>";
		};
/* End PBXGroup section */

/* Begin PBXNativeTarget section */
		1D582FB118F941C2001AE790 /* blicket-mobile */ = {
			isa = PBXNativeTarget;
			buildConfigurationList = 1D582FE718F941C2001AE790 /* Build configuration list for PBXNativeTarget "blicket-mobile" */;
			buildPhases = (
				1D582FAE18F941C2001AE790 /* Sources */,
				1D582FAF18F941C2001AE790 /* Frameworks */,
				1D582FB018F941C2001AE790 /* Resources */,
			);
			buildRules = (
			);
			dependencies = (
			);
			name = "blicket-mobile";
			productName = "blicket-mobile";
			productReference = 1D582FB218F941C2001AE790 /* blicket-mobile.app */;
			productType = "com.apple.product-type.application";
		};
		1D582FD518F941C2001AE790 /* blicket-mobileTests */ = {
			isa = PBXNativeTarget;
			buildConfigurationList = 1D582FEA18F941C2001AE790 /* Build configuration list for PBXNativeTarget "blicket-mobileTests" */;
			buildPhases = (
				1D582FD218F941C2001AE790 /* Sources */,
				1D582FD318F941C2001AE790 /* Frameworks */,
				1D582FD418F941C2001AE790 /* Resources */,
			);
			buildRules = (
			);
			dependencies = (
				1D582FDC18F941C2001AE790 /* PBXTargetDependency */,
			);
			name = "blicket-mobileTests";
			productName = "blicket-mobileTests";
			productReference = 1D582FD618F941C2001AE790 /* blicket-mobileTests.xctest */;
			productType = "com.apple.product-type.bundle.unit-test";
		};
/* End PBXNativeTarget section */

/* Begin PBXProject section */
		1D582FAA18F941C2001AE790 /* Project object */ = {
			isa = PBXProject;
			attributes = {
				LastUpgradeCheck = 0510;
				ORGANIZATIONNAME = "Marcus Bernales";
				TargetAttributes = {
					1D582FD518F941C2001AE790 = {
						TestTargetID = 1D582FB118F941C2001AE790;
					};
				};
			};
			buildConfigurationList = 1D582FAD18F941C2001AE790 /* Build configuration list for PBXProject "blicket-mobile" */;
			compatibilityVersion = "Xcode 3.2";
			developmentRegion = English;
			hasScannedForEncodings = 0;
			knownRegions = (
				en,
				Base,
			);
			mainGroup = 1D582FA918F941C2001AE790;
			productRefGroup = 1D582FB318F941C2001AE790 /* Products */;
			projectDirPath = "";
			projectRoot = "";
			targets = (
				1D582FB118F941C2001AE790 /* blicket-mobile */,
				1D582FD518F941C2001AE790 /* blicket-mobileTests */,
			);
		};
/* End PBXProject section */

/* Begin PBXResourcesBuildPhase section */
		1D582FB018F941C2001AE790 /* Resources */ = {
			isa = PBXResourcesBuildPhase;
			buildActionMask = 2147483647;
			files = (
				1D582FD118F941C2001AE790 /* Images.xcassets in Resources */,
				1D582FC018F941C2001AE790 /* InfoPlist.strings in Resources */,
				1D582FC918F941C2001AE790 /* Main.storyboard in Resources */,
			);
			runOnlyForDeploymentPostprocessing = 0;
		};
		1D582FD418F941C2001AE790 /* Resources */ = {
			isa = PBXResourcesBuildPhase;
			buildActionMask = 2147483647;
			files = (
				1D582FE218F941C2001AE790 /* InfoPlist.strings in Resources */,
			);
			runOnlyForDeploymentPostprocessing = 0;
		};
/* End PBXResourcesBuildPhase section */

/* Begin PBXSourcesBuildPhase section */
		1D582FAE18F941C2001AE790 /* Sources */ = {
			isa = PBXSourcesBuildPhase;
			buildActionMask = 2147483647;
			files = (
				1D582FCF18F941C2001AE790 /* SecondViewController.m in Sources */,
				1D582FC618F941C2001AE790 /* AppDelegate.m in Sources */,
				1D582FCC18F941C2001AE790 /* FirstViewController.m in Sources */,
				1D582FC218F941C2001AE790 /* main.m in Sources */,
			);
			runOnlyForDeploymentPostprocessing = 0;
		};
		1D582FD218F941C2001AE790 /* Sources */ = {
			isa = PBXSourcesBuildPhase;
			buildActionMask = 2147483647;
			files = (
				1D582FE418F941C2001AE790 /* blicket_mobileTests.m in Sources */,
			);
			runOnlyForDeploymentPostprocessing = 0;
		};
/* End PBXSourcesBuildPhase section */

/* Begin PBXTargetDependency section */
		1D582FDC18F941C2001AE790 /* PBXTargetDependency */ = {
			isa = PBXTargetDependency;
			target = 1D582FB118F941C2001AE790 /* blicket-mobile */;
			targetProxy = 1D582FDB18F941C2001AE790 /* PBXContainerItemProxy */;
		};
/* End PBXTargetDependency section */

/* Begin PBXVariantGroup section */
		1D582FBE18F941C2001AE790 /* InfoPlist.strings */ = {
			isa = PBXVariantGroup;
			children = (
				1D582FBF18F941C2001AE790 /* en */,
			);
			name = InfoPlist.strings;
			sourceTree = "<group>";
		};
		1D582FC718F941C2001AE790 /* Main.storyboard */ = {
			isa = PBXVariantGroup;
			children = (
				1D582FC818F941C2001AE790 /* Base */,
			);
			name = Main.storyboard;
			sourceTree = "<group>";
		};
		1D582FE018F941C2001AE790 /* InfoPlist.strings */ = {
			isa = PBXVariantGroup;
			children = (
				1D582FE118F941C2001AE790 /* en */,
			);
			name = InfoPlist.strings;
			sourceTree = "<group>";
		};
/* End PBXVariantGroup section */

/* Begin XCBuildConfiguration section */
		1D582FE518F941C2001AE790 /* Debug */ = {
			isa = XCBuildConfiguration;
			buildSettings = {
				ALWAYS_SEARCH_USER_PATHS = NO;
				CLANG_CXX_LANGUAGE_STANDARD = "gnu++0x";
				CLANG_CXX_LIBRARY = "libc++";
				CLANG_ENABLE_MODULES = YES;
				CLANG_ENABLE_OBJC_ARC = YES;
				CLANG_WARN_BOOL_CONVERSION = YES;
				CLANG_WARN_CONSTANT_CONVERSION = YES;
				CLANG_WARN_DIRECT_OBJC_ISA_USAGE = YES_ERROR;
				CLANG_WARN_EMPTY_BODY = YES;
				CLANG_WARN_ENUM_CONVERSION = YES;
				CLANG_WARN_INT_CONVERSION = YES;
				CLANG_WARN_OBJC_ROOT_CLASS = YES_ERROR;
				CLANG_WARN__DUPLICATE_METHOD_MATCH = YES;
				"CODE_SIGN_IDENTITY[sdk=iphoneos*]" = "iPhone Developer";
				COPY_PHASE_STRIP = NO;
				GCC_C_LANGUAGE_STANDARD = gnu99;
				GCC_DYNAMIC_NO_PIC = NO;
				GCC_OPTIMIZATION_LEVEL = 0;
				GCC_PREPROCESSOR_DEFINITIONS = (
					"DEBUG=1",
					"$(inherited)",
				);
				GCC_SYMBOLS_PRIVATE_EXTERN = NO;
				GCC_WARN_64_TO_32_BIT_CONVERSION = YES;
				GCC_WARN_ABOUT_RETURN_TYPE = YES_ERROR;
				GCC_WARN_UNDECLARED_SELECTOR = YES;
				GCC_WARN_UNINITIALIZED_AUTOS = YES_AGGRESSIVE;
				GCC_WARN_UNUSED_FUNCTION = YES;
				GCC_WARN_UNUSED_VARIABLE = YES;
				IPHONEOS_DEPLOYMENT_TARGET = 7.1;
				ONLY_ACTIVE_ARCH = YES;
				SDKROOT = iphoneos;
			};
			name = Debug;
		};
		1D582FE618F941C2001AE790 /* Release */ = {
			isa = XCBuildConfiguration;
			buildSettings = {
				ALWAYS_SEARCH_USER_PATHS = NO;
				CLANG_CXX_LANGUAGE_STANDARD = "gnu++0x";
				CLANG_CXX_LIBRARY = "libc++";
				CLANG_ENABLE_MODULES = YES;
				CLANG_ENABLE_OBJC_ARC = YES;
				CLANG_WARN_BOOL_CONVERSION = YES;
				CLANG_WARN_CONSTANT_CONVERSION = YES;
				CLANG_WARN_DIRECT_OBJC_ISA_USAGE = YES_ERROR;
				CLANG_WARN_EMPTY_BODY = YES;
				CLANG_WARN_ENUM_CONVERSION = YES;
				CLANG_WARN_INT_CONVERSION = YES;
				CLANG_WARN_OBJC_ROOT_CLASS = YES_ERROR;
				CLANG_WARN__DUPLICATE_METHOD_MATCH = YES;
				"CODE_SIGN_IDENTITY[sdk=iphoneos*]" = "iPhone Developer";
				COPY_PHASE_STRIP = YES;
				ENABLE_NS_ASSERTIONS = NO;
				GCC_C_LANGUAGE_STANDARD = gnu99;
				GCC_WARN_64_TO_32_BIT_CONVERSION = YES;
				GCC_WARN_ABOUT_RETURN_TYPE = YES_ERROR;
				GCC_WARN_UNDECLARED_SELECTOR = YES;
				GCC_WARN_UNINITIALIZED_AUTOS = YES_AGGRESSIVE;
				GCC_WARN_UNUSED_FUNCTION = YES;
				GCC_WARN_UNUSED_VARIABLE = YES;
				IPHONEOS_DEPLOYMENT_TARGET = 7.1;
				SDKROOT = iphoneos;
				VALIDATE_PRODUCT = YES;
			};
			name = Release;
		};
		1D582FE818F941C2001AE790 /* Debug */ = {
			isa = XCBuildConfiguration;
			buildSettings = {
				ASSETCATALOG_COMPILER_APPICON_NAME = AppIcon;
				ASSETCATALOG_COMPILER_LAUNCHIMAGE_NAME = LaunchImage;
				GCC_PRECOMPILE_PREFIX_HEADER = YES;
				GCC_PREFIX_HEADER = "blicket-mobile/blicket-mobile-Prefix.pch";
				INFOPLIST_FILE = "blicket-mobile/blicket-mobile-Info.plist";
				PRODUCT_NAME = "$(TARGET_NAME)";
				WRAPPER_EXTENSION = app;
			};
			name = Debug;
		};
		1D582FE918F941C2001AE790 /* Release */ = {
			isa = XCBuildConfiguration;
			buildSettings = {
				ASSETCATALOG_COMPILER_APPICON_NAME = AppIcon;
				ASSETCATALOG_COMPILER_LAUNCHIMAGE_NAME = LaunchImage;
				GCC_PRECOMPILE_PREFIX_HEADER = YES;
				GCC_PREFIX_HEADER = "blicket-mobile/blicket-mobile-Prefix.pch";
				INFOPLIST_FILE = "blicket-mobile/blicket-mobile-Info.plist";
				PRODUCT_NAME = "$(TARGET_NAME)";
				WRAPPER_EXTENSION = app;
			};
			name = Release;
		};
		1D582FEB18F941C2001AE790 /* Debug */ = {
			isa = XCBuildConfiguration;
			buildSettings = {
				BUNDLE_LOADER = "$(BUILT_PRODUCTS_DIR)/blicket-mobile.app/blicket-mobile";
				FRAMEWORK_SEARCH_PATHS = (
					"$(SDKROOT)/Developer/Library/Frameworks",
					"$(inherited)",
					"$(DEVELOPER_FRAMEWORKS_DIR)",
				);
				GCC_PRECOMPILE_PREFIX_HEADER = YES;
				GCC_PREFIX_HEADER = "blicket-mobile/blicket-mobile-Prefix.pch";
				GCC_PREPROCESSOR_DEFINITIONS = (
					"DEBUG=1",
					"$(inherited)",
				);
				INFOPLIST_FILE = "blicket-mobileTests/blicket-mobileTests-Info.plist";
				PRODUCT_NAME = "$(TARGET_NAME)";
				TEST_HOST = "$(BUNDLE_LOADER)";
				WRAPPER_EXTENSION = xctest;
			};
			name = Debug;
		};
		1D582FEC18F941C2001AE790 /* Release */ = {
			isa = XCBuildConfiguration;
			buildSettings = {
				BUNDLE_LOADER = "$(BUILT_PRODUCTS_DIR)/blicket-mobile.app/blicket-mobile";
				FRAMEWORK_SEARCH_PATHS = (
					"$(SDKROOT)/Developer/Library/Frameworks",
					"$(inherited)",
					"$(DEVELOPER_FRAMEWORKS_DIR)",
				);
				GCC_PRECOMPILE_PREFIX_HEADER = YES;
				GCC_PREFIX_HEADER = "blicket-mobile/blicket-mobile-Prefix.pch";
				INFOPLIST_FILE = "blicket-mobileTests/blicket-mobileTests-Info.plist";
				PRODUCT_NAME = "$(TARGET_NAME)";
				TEST_HOST = "$(BUNDLE_LOADER)";
				WRAPPER_EXTENSION = xctest;
			};
			name = Release;
		};
/* End XCBuildConfiguration section */

/* Begin XCConfigurationList section */
		1D582FAD18F941C2001AE790 /* Build configuration list for PBXProject "blicket-mobile" */ = {
			isa = XCConfigurationList;
			buildConfigurations = (
				1D582FE518F941C2001AE790 /* Debug */,
				1D582FE618F941C2001AE790 /* Release */,
			);
			defaultConfigurationIsVisible = 0;
			defaultConfigurationName = Release;
		};
		1D582FE718F941C2001AE790 /* Build configuration list for PBXNativeTarget "blicket-mobile" */ = {
			isa = XCConfigurationList;
			buildConfigurations = (
				1D582FE818F941C2001AE790 /* Debug */,
				1D582FE918F941C2001AE790 /* Release */,
			);
			defaultConfigurationIsVisible = 0;
		};
		1D582FEA18F941C2001AE790 /* Build configuration list for PBXNativeTarget "blicket-mobileTests" */ = {
			isa = XCConfigurationList;
			buildConfigurations = (
				1D582FEB18F941C2001AE790 /* Debug */,
				1D582FEC18F941C2001AE790 /* Release */,
			);
			defaultConfigurationIsVisible = 0;
		};
/* End XCConfigurationList section */
	};
	rootObject = 1D582FAA18F941C2001AE790 /* Project object */;
}
